
Microsoft Visual Studio Solution File, Format Version 12.00
Project("{FAE04EC0-301F-11D3-BF4B-00C04F79EFBC}") = "InsuranceClaims", "InsuranceClaims\InsuranceClaims.csproj", "{B3B1EF9A-0B56-4E7B-9571-E09D9CA17A62}"
EndProject
Project("{FAE04EC0-301F-11D3-BF4B-00C04F79EFBC}") = "InsuranceClaims.Tests", "InsuranceClaims.Tests\InsuranceClaims.Tests.csproj", "{F06083EE-1E66-4E48-8C04-17C4896AEB08}"
EndProject
Global
	GlobalSection(SolutionConfigurationPlatforms) = preSolution
		Debug|Any CPU = Debug|Any CPU
		Release|Any CPU = Release|Any CPU
	EndGlobalSection
	GlobalSection(ProjectConfigurationPlatforms) = postSolution
		{B3B1EF9A-0B56-4E7B-9571-E09D9CA17A62}.Debug|Any CPU.ActiveCfg = Debug|Any CPU
		{B3B1EF9A-0B56-4E7B-9571-E09D9CA17A62}.Debug|Any CPU.Build.0 = Debug|Any CPU
		{B3B1EF9A-0B56-4E7B-9571-E09D9CA17A62}.Release|Any CPU.ActiveCfg = Release|Any CPU
		{B3B1EF9A-0B56-4E7B-9571-E09D9CA17A62}.Release|Any CPU.Build.0 = Release|Any CPU
		{F06083EE-1E66-4E48-8C04-17C4896AEB08}.Debug|Any CPU.ActiveCfg = Debug|Any CPU
		{F06083EE-1E66-4E48-8C04-17C4896AEB08}.Debug|Any CPU.Build.0 = Debug|Any CPU
		{F06083EE-1E66-4E48-8C04-17C4896AEB08}.Release|Any CPU.ActiveCfg = Release|Any CPU
		{F06083EE-1E66-4E48-8C04-17C4896AEB08}.Release|Any CPU.Build.0 = Release|Any CPU
	EndGlobalSection
EndGlobal
